
Microsoft Visual Studio Solution File, Format Version 12.00
# Visual Studio 15
VisualStudioVersion = 15.0.27428.2037
MinimumVisualStudioVersion = 10.0.40219.1
Project("{FAE04EC0-301F-11D3-BF4B-00C04F79EFBC}") = "WarpKnitting", "WarpKnitting\WarpKnitting.csproj", "{0DA63D04-EA08-4EC9-8683-A2923F31BDD7}"
EndProject
Global
	GlobalSection(SolutionConfigurationPlatforms) = preSolution
		Debug|Any CPU = Debug|Any CPU
		Release|Any CPU = Release|Any CPU
	EndGlobalSection
	GlobalSection(ProjectConfigurationPlatforms) = postSolution
		{0DA63D04-EA08-4EC9-8683-A2923F31BDD7}.Debug|Any CPU.ActiveCfg = Debug|Any CPU
		{0DA63D04-EA08-4EC9-8683-A2923F31BDD7}.Debug|Any CPU.Build.0 = Debug|Any CPU
		{0DA63D04-EA08-4EC9-8683-A2923F31BDD7}.Release|Any CPU.ActiveCfg = Release|Any CPU
		{0DA63D04-EA08-4EC9-8683-A2923F31BDD7}.Release|Any CPU.Build.0 = Release|Any CPU
	EndGlobalSection
	GlobalSection(SolutionProperties) = preSolution
		HideSolutionNode = FALSE
	EndGlobalSection
	GlobalSection(ExtensibilityGlobals) = postSolution
		SolutionGuid = {8E3DBC91-3256-484F-BC07-19CEA3B4D7C2}
	EndGlobalSection
EndGlobal
